
Microsoft Visual Studio Solution File, Format Version 12.00
# Visual Studio Version 17
VisualStudioVersion = 17.1.32210.238
MinimumVisualStudioVersion = 10.0.40219.1
Project("{8BC9CEB8-8B4A-11D0-8D11-00A0C91BC942}") = "data_structure_cpp", "data_structure_cpp\data_structure_cpp.vcxproj", "{ADA0A6B1-EE41-4906-972D-C82D5C981AAD}"
EndProject
Global
	GlobalSection(SolutionConfigurationPlatforms) = preSolution
		Debug|x64 = Debug|x64
		Debug|x86 = Debug|x86
		Release|x64 = Release|x64
		Release|x86 = Release|x86
	EndGlobalSection
	GlobalSection(ProjectConfigurationPlatforms) = postSolution
		{ADA0A6B1-EE41-4906-972D-C82D5C981AAD}.Debug|x64.ActiveCfg = Debug|x64
		{ADA0A6B1-EE41-4906-972D-C82D5C981AAD}.Debug|x64.Build.0 = Debug|x64
		{ADA0A6B1-EE41-4906-972D-C82D5C981AAD}.Debug|x86.ActiveCfg = Debug|Win32
		{ADA0A6B1-EE41-4906-972D-C82D5C981AAD}.Debug|x86.Build.0 = Debug|Win32
		{ADA0A6B1-EE41-4906-972D-C82D5C981AAD}.Release|x64.ActiveCfg = Release|x64
		{ADA0A6B1-EE41-4906-972D-C82D5C981AAD}.Release|x64.Build.0 = Release|x64
		{ADA0A6B1-EE41-4906-972D-C82D5C981AAD}.Release|x86.ActiveCfg = Release|Win32
		{ADA0A6B1-EE41-4906-972D-C82D5C981AAD}.Release|x86.Build.0 = Release|Win32
	EndGlobalSection
	GlobalSection(SolutionProperties) = preSolution
		HideSolutionNode = FALSE
	EndGlobalSection
	GlobalSection(ExtensibilityGlobals) = postSolution
		SolutionGuid = {EE420EBE-A147-464D-B5EA-058F40454BA7}
	EndGlobalSection
EndGlobal
